
Microsoft Visual Studio Solution File, Format Version 12.00
# Visual Studio Version 16
VisualStudioVersion = 16.0.29503.13
MinimumVisualStudioVersion = 10.0.40219.1
Project("{FAE04EC0-301F-11D3-BF4B-00C04F79EFBC}") = "STC ISP NG", "STC ISP NG.csproj", "{B3F62D57-0F51-4BEB-A37A-CFDFB3909D7B}"
EndProject
Global
	GlobalSection(SolutionConfigurationPlatforms) = preSolution
		Debug|Any CPU = Debug|Any CPU
		Release|Any CPU = Release|Any CPU
	EndGlobalSection
	GlobalSection(ProjectConfigurationPlatforms) = postSolution
		{B3F62D57-0F51-4BEB-A37A-CFDFB3909D7B}.Debug|Any CPU.ActiveCfg = Debug|Any CPU
		{B3F62D57-0F51-4BEB-A37A-CFDFB3909D7B}.Debug|Any CPU.Build.0 = Debug|Any CPU
		{B3F62D57-0F51-4BEB-A37A-CFDFB3909D7B}.Release|Any CPU.ActiveCfg = Release|Any CPU
		{B3F62D57-0F51-4BEB-A37A-CFDFB3909D7B}.Release|Any CPU.Build.0 = Release|Any CPU
	EndGlobalSection
	GlobalSection(SolutionProperties) = preSolution
		HideSolutionNode = FALSE
	EndGlobalSection
	GlobalSection(ExtensibilityGlobals) = postSolution
		SolutionGuid = {7E3FFCAC-CF4D-467E-8B42-66F2CAC57081}
	EndGlobalSection
EndGlobal
